
Microsoft Visual Studio Solution File, Format Version 12.00
# Visual Studio 15
VisualStudioVersion = 15.0.27130.0
MinimumVisualStudioVersion = 10.0.40219.1
Project("{FAE04EC0-301F-11D3-BF4B-00C04F79EFBC}") = "CollegeManagement", "CollegeManagement\CollegeManagement.csproj", "{C24C0373-4E23-491E-9E29-B53650993AC0}"
EndProject
Global
	GlobalSection(SolutionConfigurationPlatforms) = preSolution
		Debug|Any CPU = Debug|Any CPU
		Release|Any CPU = Release|Any CPU
	EndGlobalSection
	GlobalSection(ProjectConfigurationPlatforms) = postSolution
		{C24C0373-4E23-491E-9E29-B53650993AC0}.Debug|Any CPU.ActiveCfg = Debug|Any CPU
		{C24C0373-4E23-491E-9E29-B53650993AC0}.Debug|Any CPU.Build.0 = Debug|Any CPU
		{C24C0373-4E23-491E-9E29-B53650993AC0}.Release|Any CPU.ActiveCfg = Release|Any CPU
		{C24C0373-4E23-491E-9E29-B53650993AC0}.Release|Any CPU.Build.0 = Release|Any CPU
	EndGlobalSection
	GlobalSection(SolutionProperties) = preSolution
		HideSolutionNode = FALSE
	EndGlobalSection
	GlobalSection(ExtensibilityGlobals) = postSolution
		SolutionGuid = {9FDFC67B-33BE-4A85-9480-693E3B1C3FD5}
	EndGlobalSection
EndGlobal
